
Microsoft Visual Studio Solution File, Format Version 12.00
# Visual Studio 15
VisualStudioVersion = 15.0.28010.2016
MinimumVisualStudioVersion = 10.0.40219.1
Project("{FAE04EC0-301F-11D3-BF4B-00C04F79EFBC}") = "lab3.1", "lab3.1\lab3.1.csproj", "{8E1487C1-FE4E-4340-B3DC-8C5E7C6EE299}"
EndProject
Global
	GlobalSection(SolutionConfigurationPlatforms) = preSolution
		Debug|Any CPU = Debug|Any CPU
		Release|Any CPU = Release|Any CPU
	EndGlobalSection
	GlobalSection(ProjectConfigurationPlatforms) = postSolution
		{8E1487C1-FE4E-4340-B3DC-8C5E7C6EE299}.Debug|Any CPU.ActiveCfg = Debug|Any CPU
		{8E1487C1-FE4E-4340-B3DC-8C5E7C6EE299}.Debug|Any CPU.Build.0 = Debug|Any CPU
		{8E1487C1-FE4E-4340-B3DC-8C5E7C6EE299}.Release|Any CPU.ActiveCfg = Release|Any CPU
		{8E1487C1-FE4E-4340-B3DC-8C5E7C6EE299}.Release|Any CPU.Build.0 = Release|Any CPU
	EndGlobalSection
	GlobalSection(SolutionProperties) = preSolution
		HideSolutionNode = FALSE
	EndGlobalSection
	GlobalSection(ExtensibilityGlobals) = postSolution
		SolutionGuid = {EA663364-2CBF-4E06-947B-BCC9C4E2D226}
	EndGlobalSection
EndGlobal
